# @generated - this file is auto-generated by `mise lock` https://mise.jdx.dev/dev-tools/mise-lock.html

lockfile_version = 2

[[tools.java]]
version = "temurin-25.0.4+7.0.LTS"
backend = "core:java"
specifiers = ["temurin-25.0.4+7.0.LTS"]

[tools.java."platforms.linux-arm64"]
checksum = "sha256:621f7196f0b682fb557da58bec89bd7dfe5419811fe1c0ba75c9cc8432f084c7"
url = "https://github.com/adoptium/temurin25-binaries/releases/download/jdk-25.0.4%2B7/OpenJDK25U-jdk_aarch64_linux_hotspot_25.0.4_7.tar.gz"

[tools.java."platforms.linux-arm64-musl"]
checksum = "sha256:3d1c5c7877e320c2cff8154cfca9af948089912b6efc6123bb21726b7055bc62"
url = "https://github.com/adoptium/temurin25-binaries/releases/download/jdk-25.0.4%2B7/OpenJDK25U-jdk_aarch64_alpine-linux_hotspot_25.0.4_7.tar.gz"

[tools.java."platforms.linux-x64"]
checksum = "sha256:e58fcdcd637b25c03ca84cbbcefc70d11efb8f4b4cbd05decc9f661769d77f94"
url = "https://github.com/adoptium/temurin25-binaries/releases/download/jdk-25.0.4%2B7/OpenJDK25U-jdk_x64_linux_hotspot_25.0.4_7.tar.gz"

[tools.java."platforms.linux-x64-musl"]
checksum = "sha256:c6f3e9f975c130169283363bf0ef2fc55f45c36eacc909141ffa7189cd7bdcb7"
url = "https://github.com/adoptium/temurin25-binaries/releases/download/jdk-25.0.4%2B7/OpenJDK25U-jdk_x64_alpine-linux_hotspot_25.0.4_7.tar.gz"

[tools.java."platforms.macos-arm64"]
checksum = "sha256:5a101c54abf5a9f16c0f70d8c38ba99e6567c1ba213378f0bb04497284f051bd"
url = "https://github.com/adoptium/temurin25-binaries/releases/download/jdk-25.0.4%2B7/OpenJDK25U-jdk_aarch64_mac_hotspot_25.0.4_7.tar.gz"

[tools.java."platforms.macos-x64"]
checksum = "sha256:a5ac9c46dad47ac06df35e36d096913195d8da1f3f71918828bcc2cfe33869b7"
url = "https://github.com/adoptium/temurin25-binaries/releases/download/jdk-25.0.4%2B7/OpenJDK25U-jdk_x64_mac_hotspot_25.0.4_7.tar.gz"

[tools.java."platforms.windows-x64"]
checksum = "sha256:7caab7db43bf4b94a2e6252c699e70d90084f9aa7c943cd3414761fd540937ae"
url = "https://github.com/adoptium/temurin25-binaries/releases/download/jdk-25.0.4%2B7/OpenJDK25U-jdk_x64_windows_hotspot_25.0.4_7.zip"

[[tools.maven]]
version = "3.9.16"
backend = "asdf:maven"
specifiers = ["3.9.16"]
